
Microsoft Visual Studio Solution File, Format Version 12.00
# Visual Studio Version 17
VisualStudioVersion = 17.3.32929.385
MinimumVisualStudioVersion = 10.0.40219.1
Project("{FAE04EC0-301F-11D3-BF4B-00C04F79EFBC}") = "DihedralAngle", "DihedralAngle\DihedralAngle.csproj", "{46B5033F-706A-4731-9C8A-96193B67EDC7}"
EndProject
Global
	GlobalSection(SolutionConfigurationPlatforms) = preSolution
		Debug|Any CPU = Debug|Any CPU
		Release|Any CPU = Release|Any CPU
	EndGlobalSection
	GlobalSection(ProjectConfigurationPlatforms) = postSolution
		{46B5033F-706A-4731-9C8A-96193B67EDC7}.Debug|Any CPU.ActiveCfg = Debug|Any CPU
		{46B5033F-706A-4731-9C8A-96193B67EDC7}.Debug|Any CPU.Build.0 = Debug|Any CPU
		{46B5033F-706A-4731-9C8A-96193B67EDC7}.Release|Any CPU.ActiveCfg = Release|Any CPU
		{46B5033F-706A-4731-9C8A-96193B67EDC7}.Release|Any CPU.Build.0 = Release|Any CPU
	EndGlobalSection
	GlobalSection(SolutionProperties) = preSolution
		HideSolutionNode = FALSE
	EndGlobalSection
	GlobalSection(ExtensibilityGlobals) = postSolution
		SolutionGuid = {2C4153ED-A23D-483F-8333-818823D19669}
	EndGlobalSection
EndGlobal
